// !$*UTF8*$!
{
	archiveVersion = 1;
	classes = {
	};
	objectVersion = 55;
	objects = {

/* Begin PBXBuildFile section */
		B88FE38E28DE58DA0002DE9E /* AppDelegate.swift in Sources */ = {isa = PBXBuildFile; fileRef = B88FE38D28DE58DA0002DE9E /* AppDelegate.swift */; };
		B88FE39028DE58DA0002DE9E /* SceneDelegate.swift in Sources */ = {isa = PBXBuildFile; fileRef = B88FE38F28DE58DA0002DE9E /* SceneDelegate.swift */; };
		B88FE39228DE58DA0002DE9E /* ViewController.swift in Sources */ = {isa = PBXBuildFile; fileRef = B88FE39128DE58DA0002DE9E /* ViewController.swift */; };
		B88FE39528DE58DA0002DE9E /* Main.storyboard in Resources */ = {isa = PBXBuildFile; fileRef = B88FE39328DE58DA0002DE9E /* Main.storyboard */; };
		B88FE39728DE58DD0002DE9E /* Assets.xcassets in Resources */ = {isa = PBXBuildFile; fileRef = B88FE39628DE58DD0002DE9E /* Assets.xcassets */; };
		B88FE39A28DE58DD0002DE9E /* LaunchScreen.storyboard in Resources */ = {isa = PBXBuildFile; fileRef = B88FE39828DE58DD0002DE9E /* LaunchScreen.storyboard */; };
		B88FE3A528DE58DD0002DE9E /* flixTests.swift in Sources */ = {isa = PBXBuildFile; fileRef = B88FE3A428DE58DD0002DE9E /* flixTests.swift */; };
		B88FE3AF28DE58DD0002DE9E /* flixUITests.swift in Sources */ = {isa = PBXBuildFile; fileRef = B88FE3AE28DE58DD0002DE9E /* flixUITests.swift */; };
		B88FE3B128DE58DD0002DE9E /* flixUITestsLaunchTests.swift in Sources */ = {isa = PBXBuildFile; fileRef = B88FE3B028DE58DD0002DE9E /* flixUITestsLaunchTests.swift */; };
/* End PBXBuildFile section */

/* Begin PBXContainerItemProxy section */
		B88FE3A128DE58DD0002DE9E /* PBXContainerItemProxy */ = {
			isa = PBXContainerItemProxy;
			containerPortal = B88FE38228DE58DA0002DE9E /* Project object */;
			proxyType = 1;
			remoteGlobalIDString = B88FE38928DE58DA0002DE9E;
			remoteInfo = flix;
		};
		B88FE3AB28DE58DD0002DE9E /* PBXContainerItemProxy */ = {
			isa = PBXContainerItemProxy;
			containerPortal = B88FE38228DE58DA0002DE9E /* Project object */;
			proxyType = 1;
			remoteGlobalIDString = B88FE38928DE58DA0002DE9E;
			remoteInfo = flix;
		};
/* End PBXContainerItemProxy section */

/* Begin PBXFileReference section */
		B88FE38A28DE58DA0002DE9E /* flix.app */ = {isa = PBXFileReference; explicitFileType = wrapper.application; includeInIndex = 0; path = flix.app; sourceTree = BUILT_PRODUCTS_DIR; };
		B88FE38D28DE58DA0002DE9E /* AppDelegate.swift */ = {isa = PBXFileReference; lastKnownFileType = sourcecode.swift; path = AppDelegate.swift; sourceTree = "<group>"; };
		B88FE38F28DE58DA0002DE9E /* SceneDelegate.swift */ = {isa = PBXFileReference; lastKnownFileType = sourcecode.swift; path = SceneDelegate.swift; sourceTree = "<group>"; };
		B88FE39128DE58DA0002DE9E /* ViewController.swift */ = {isa = PBXFileReference; lastKnownFileType = sourcecode.swift; path = ViewController.swift; sourceTree = "<group>"; };
		B88FE39428DE58DA0002DE9E /* Base */ = {isa = PBXFileReference; lastKnownFileType = file.storyboard; name = Base; path = Base.lproj/Main.storyboard; sourceTree = "<group>"; };
		B88FE39628DE58DD0002DE9E /* Assets.xcassets */ = {isa = PBXFileReference; lastKnownFileType = folder.assetcatalog; path = Assets.xcassets; sourceTree = "<group>"; };
		B88FE39928DE58DD0002DE9E /* Base */ = {isa = PBXFileReference; lastKnownFileType = file.storyboard; name = Base; path = Base.lproj/LaunchScreen.storyboard; sourceTree = "<group>"; };
		B88FE39B28DE58DD0002DE9E /* Info.plist */ = {isa = PBXFileReference; lastKnownFileType = text.plist.xml; path = Info.plist; sourceTree = "<group>"; };
		B88FE3A028DE58DD0002DE9E /* flixTests.xctest */ = {isa = PBXFileReference; explicitFileType = wrapper.cfbundle; includeInIndex = 0; path = flixTests.xctest; sourceTree = BUILT_PRODUCTS_DIR; };
		B88FE3A428DE58DD0002DE9E /* flixTests.swift */ = {isa = PBXFileReference; lastKnownFileType = sourcecode.swift; path = flixTests.swift; sourceTree = "<group>"; };
		B88FE3AA28DE58DD0002DE9E /* flixUITests.xctest */ = {isa = PBXFileReference; explicitFileType = wrapper.cfbundle; includeInIndex = 0; path = flixUITests.xctest; sourceTree = BUILT_PRODUCTS_DIR; };
		B88FE3AE28DE58DD0002DE9E /* flixUITests.swift */ = {isa = PBXFileReference; lastKnownFileType = sourcecode.swift; path = flixUITests.swift; sourceTree = "<group>"; };
		B88FE3B028DE58DD0002DE9E /* flixUITestsLaunchTests.swift */ = {isa = PBXFileReference; lastKnownFileType = sourcecode.swift; path = flixUITestsLaunchTests.swift; sourceTree = "<group>"; };
/* End PBXFileReference section */

/* Begin PBXFrameworksBuildPhase section */
		B88FE38728DE58DA0002DE9E /* Frameworks */ = {
			isa = PBXFrameworksBuildPhase;
			buildActionMask = 2147483647;
			files = (
			);
			runOnlyForDeploymentPostprocessing = 0;
		};
		B88FE39D28DE58DD0002DE9E /* Frameworks */ = {
			isa = PBXFrameworksBuildPhase;
			buildActionMask = 2147483647;
			files = (
			);
			runOnlyForDeploymentPostprocessing = 0;
		};
		B88FE3A728DE58DD0002DE9E /* Frameworks */ = {
			isa = PBXFrameworksBuildPhase;
			buildActionMask = 2147483647;
			files = (
			);
			runOnlyForDeploymentPostprocessing = 0;
		};
/* End PBXFrameworksBuildPhase section */

/* Begin PBXGroup section */
		B88FE38128DE58DA0002DE9E = {
			isa = PBXGroup;
			children = (
				B88FE38C28DE58DA0002DE9E /* flix */,
				B88FE3A328DE58DD0002DE9E /* flixTests */,
				B88FE3AD28DE58DD0002DE9E /* flixUITests */,
				B88FE38B28DE58DA0002DE9E /* Products */,
			);
			sourceTree = "<group>";
		};
		B88FE38B28DE58DA0002DE9E /* Products */ = {
			isa = PBXGroup;
			children = (
				B88FE38A28DE58DA0002DE9E /* flix.app */,
				B88FE3A028DE58DD0002DE9E /* flixTests.xctest */,
				B88FE3AA28DE58DD0002DE9E /* flixUITests.xctest */,
			);
			name = Products;
			sourceTree = "<group>";
		};
		B88FE38C28DE58DA0002DE9E /* flix */ = {
			isa = PBXGroup;
			children = (
				B88FE38D28DE58DA0002DE9E /* AppDelegate.swift */,
				B88FE38F28DE58DA0002DE9E /* SceneDelegate.swift */,
				B88FE39128DE58DA0002DE9E /* ViewController.swift */,
				B88FE39328DE58DA0002DE9E /* Main.storyboard */,
				B88FE39628DE58DD0002DE9E /* Assets.xcassets */,
				B88FE39828DE58DD0002DE9E /* LaunchScreen.storyboard */,
				B88FE39B28DE58DD0002DE9E /* Info.plist */,
			);
			path = flix;
			sourceTree = "<group>";
		};
		B88FE3A328DE58DD0002DE9E /* flixTests */ = {
			isa = PBXGroup;
			children = (
				B88FE3A428DE58DD0002DE9E /* flixTests.swift */,
			);
			path = flixTests;
			sourceTree = "<group>";
		};
		B88FE3AD28DE58DD0002DE9E /* flixUITests */ = {
			isa = PBXGroup;
			children = (
				B88FE3AE28DE58DD0002DE9E /* flixUITests.swift */,
				B88FE3B028DE58DD0002DE9E /* flixUITestsLaunchTests.swift */,
			);
			path = flixUITests;
			sourceTree = "<group>";
		};
/* End PBXGroup section */

/* Begin PBXNativeTarget section */
		B88FE38928DE58DA0002DE9E /* flix */ = {
			isa = PBXNativeTarget;
			buildConfigurationList = B88FE3B428DE58DD0002DE9E /* Build configuration list for PBXNativeTarget "flix" */;
			buildPhases = (
				B88FE38628DE58DA0002DE9E /* Sources */,
				B88FE38728DE58DA0002DE9E /* Frameworks */,
				B88FE38828DE58DA0002DE9E /* Resources */,
			);
			buildRules = (
			);
			dependencies = (
			);
			name = flix;
			productName = flix;
			productReference = B88FE38A28DE58DA0002DE9E /* flix.app */;
			productType = "com.apple.product-type.application";
		};
		B88FE39F28DE58DD0002DE9E /* flixTests */ = {
			isa = PBXNativeTarget;
			buildConfigurationList = B88FE3B728DE58DD0002DE9E /* Build configuration list for PBXNativeTarget "flixTests" */;
			buildPhases = (
				B88FE39C28DE58DD0002DE9E /* Sources */,
				B88FE39D28DE58DD0002DE9E /* Frameworks */,
				B88FE39E28DE58DD0002DE9E /* Resources */,
			);
			buildRules = (
			);
			dependencies = (
				B88FE3A228DE58DD0002DE9E /* PBXTargetDependency */,
			);
			name = flixTests;
			productName = flixTests;
			productReference = B88FE3A028DE58DD0002DE9E /* flixTests.xctest */;
			productType = "com.apple.product-type.bundle.unit-test";
		};
		B88FE3A928DE58DD0002DE9E /* flixUITests */ = {
			isa = PBXNativeTarget;
			buildConfigurationList = B88FE3BA28DE58DD0002DE9E /* Build configuration list for PBXNativeTarget "flixUITests" */;
			buildPhases = (
				B88FE3A628DE58DD0002DE9E /* Sources */,
				B88FE3A728DE58DD0002DE9E /* Frameworks */,
				B88FE3A828DE58DD0002DE9E /* Resources */,
			);
			buildRules = (
			);
			dependencies = (
				B88FE3AC28DE58DD0002DE9E /* PBXTargetDependency */,
			);
			name = flixUITests;
			productName = flixUITests;
			productReference = B88FE3AA28DE58DD0002DE9E /* flixUITests.xctest */;
			productType = "com.apple.product-type.bundle.ui-testing";
		};
/* End PBXNativeTarget section */

/* Begin PBXProject section */
		B88FE38228DE58DA0002DE9E /* Project object */ = {
			isa = PBXProject;
			attributes = {
				BuildIndependentTargetsInParallel = 1;
				LastSwiftUpdateCheck = 1320;
				LastUpgradeCheck = 1320;
				TargetAttributes = {
					B88FE38928DE58DA0002DE9E = {
						CreatedOnToolsVersion = 13.2.1;
					};
					B88FE39F28DE58DD0002DE9E = {
						CreatedOnToolsVersion = 13.2.1;
						TestTargetID = B88FE38928DE58DA0002DE9E;
					};
					B88FE3A928DE58DD0002DE9E = {
						CreatedOnToolsVersion = 13.2.1;
						TestTargetID = B88FE38928DE58DA0002DE9E;
					};
				};
			};
			buildConfigurationList = B88FE38528DE58DA0002DE9E /* Build configuration list for PBXProject "flix" */;
			compatibilityVersion = "Xcode 13.0";
			developmentRegion = en;
			hasScannedForEncodings = 0;
			knownRegions = (
				en,
				Base,
			);
			mainGroup = B88FE38128DE58DA0002DE9E;
			productRefGroup = B88FE38B28DE58DA0002DE9E /* Products */;
			projectDirPath = "";
			projectRoot = "";
			targets = (
				B88FE38928DE58DA0002DE9E /* flix */,
				B88FE39F28DE58DD0002DE9E /* flixTests */,
				B88FE3A928DE58DD0002DE9E /* flixUITests */,
			);
		};
/* End PBXProject section */

/* Begin PBXResourcesBuildPhase section */
		B88FE38828DE58DA0002DE9E /* Resources */ = {
			isa = PBXResourcesBuildPhase;
			buildActionMask = 2147483647;
			files = (
				B88FE39A28DE58DD0002DE9E /* LaunchScreen.storyboard in Resources */,
				B88FE39728DE58DD0002DE9E /* Assets.xcassets in Resources */,
				B88FE39528DE58DA0002DE9E /* Main.storyboard in Resources */,
			);
			runOnlyForDeploymentPostprocessing = 0;
		};
		B88FE39E28DE58DD0002DE9E /* Resources */ = {
			isa = PBXResourcesBuildPhase;
			buildActionMask = 2147483647;
			files = (
			);
			runOnlyForDeploymentPostprocessing = 0;
		};
		B88FE3A828DE58DD0002DE9E /* Resources */ = {
			isa = PBXResourcesBuildPhase;
			buildActionMask = 2147483647;
			files = (
			);
			runOnlyForDeploymentPostprocessing = 0;
		};
/* End PBXResourcesBuildPhase section */

/* Begin PBXSourcesBuildPhase section */
		B88FE38628DE58DA0002DE9E /* Sources */ = {
			isa = PBXSourcesBuildPhase;
			buildActionMask = 2147483647;
			files = (
				B88FE39228DE58DA0002DE9E /* ViewController.swift in Sources */,
				B88FE38E28DE58DA0002DE9E /* AppDelegate.swift in Sources */,
				B88FE39028DE58DA0002DE9E /* SceneDelegate.swift in Sources */,
			);
			runOnlyForDeploymentPostprocessing = 0;
		};
		B88FE39C28DE58DD0002DE9E /* Sources */ = {
			isa = PBXSourcesBuildPhase;
			buildActionMask = 2147483647;
			files = (
				B88FE3A528DE58DD0002DE9E /* flixTests.swift in Sources */,
			);
			runOnlyForDeploymentPostprocessing = 0;
		};
		B88FE3A628DE58DD0002DE9E /* Sources */ = {
			isa = PBXSourcesBuildPhase;
			buildActionMask = 2147483647;
			files = (
				B88FE3AF28DE58DD0002DE9E /* flixUITests.swift in Sources */,
				B88FE3B128DE58DD0002DE9E /* flixUITestsLaunchTests.swift in Sources */,
			);
			runOnlyForDeploymentPostprocessing = 0;
		};
/* End PBXSourcesBuildPhase section */

/* Begin PBXTargetDependency section */
		B88FE3A228DE58DD0002DE9E /* PBXTargetDependency */ = {
			isa = PBXTargetDependency;
			target = B88FE38928DE58DA0002DE9E /* flix */;
			targetProxy = B88FE3A128DE58DD0002DE9E /* PBXContainerItemProxy */;
		};
		B88FE3AC28DE58DD0002DE9E /* PBXTargetDependency */ = {
			isa = PBXTargetDependency;
			target = B88FE38928DE58DA0002DE9E /* flix */;
			targetProxy = B88FE3AB28DE58DD0002DE9E /* PBXContainerItemProxy */;
		};
/* End PBXTargetDependency section */

/* Begin PBXVariantGroup section */
		B88FE39328DE58DA0002DE9E /* Main.storyboard */ = {
			isa = PBXVariantGroup;
			children = (
				B88FE39428DE58DA0002DE9E /* Base */,
			);
			name = Main.storyboard;
			sourceTree = "<group>";
		};
		B88FE39828DE58DD0002DE9E /* LaunchScreen.storyboard */ = {
			isa = PBXVariantGroup;
			children = (
				B88FE39928DE58DD0002DE9E /* Base */,
			);
			name = LaunchScreen.storyboard;
			sourceTree = "<group>";
		};
/* End PBXVariantGroup section */

/* Begin XCBuildConfiguration section */
		B88FE3B228DE58DD0002DE9E /* Debug */ = {
			isa = XCBuildConfiguration;
			buildSettings = {
				ALWAYS_SEARCH_USER_PATHS = NO;
				CLANG_ANALYZER_NONNULL = YES;
				CLANG_ANALYZER_NUMBER_OBJECT_CONVERSION = YES_AGGRESSIVE;
				CLANG_CXX_LANGUAGE_STANDARD = "gnu++17";
				CLANG_CXX_LIBRARY = "libc++";
				CLANG_ENABLE_MODULES = YES;
				CLANG_ENABLE_OBJC_ARC = YES;
				CLANG_ENABLE_OBJC_WEAK = YES;
				CLANG_WARN_BLOCK_CAPTURE_AUTORELEASING = YES;
				CLANG_WARN_BOOL_CONVERSION = YES;
				CLANG_WARN_COMMA = YES;
				CLANG_WARN_CONSTANT_CONVERSION = YES;
				CLANG_WARN_DEPRECATED_OBJC_IMPLEMENTATIONS = YES;
				CLANG_WARN_DIRECT_OBJC_ISA_USAGE = YES_ERROR;
				CLANG_WARN_DOCUMENTATION_COMMENTS = YES;
				CLANG_WARN_EMPTY_BODY = YES;
				CLANG_WARN_ENUM_CONVERSION = YES;
				CLANG_WARN_INFINITE_RECURSION = YES;
				CLANG_WARN_INT_CONVERSION = YES;
				CLANG_WARN_NON_LITERAL_NULL_CONVERSION = YES;
				CLANG_WARN_OBJC_IMPLICIT_RETAIN_SELF = YES;
				CLANG_WARN_OBJC_LITERAL_CONVERSION = YES;
				CLANG_WARN_OBJC_ROOT_CLASS = YES_ERROR;
				CLANG_WARN_QUOTED_INCLUDE_IN_FRAMEWORK_HEADER = YES;
				CLANG_WARN_RANGE_LOOP_ANALYSIS = YES;
				CLANG_WARN_STRICT_PROTOTYPES = YES;
				CLANG_WARN_SUSPICIOUS_MOVE = YES;
				CLANG_WARN_UNGUARDED_AVAILABILITY = YES_AGGRESSIVE;
				CLANG_WARN_UNREACHABLE_CODE = YES;
				CLANG_WARN__DUPLICATE_METHOD_MATCH = YES;
				COPY_PHASE_STRIP = NO;
				DEBUG_INFORMATION_FORMAT = dwarf;
				ENABLE_STRICT_OBJC_MSGSEND = YES;
				ENABLE_TESTABILITY = YES;
				GCC_C_LANGUAGE_STANDARD = gnu11;
				GCC_DYNAMIC_NO_PIC = NO;
				GCC_NO_COMMON_BLOCKS = YES;
				GCC_OPTIMIZATION_LEVEL = 0;
				GCC_PREPROCESSOR_DEFINITIONS = (
					"DEBUG=1",
					"$(inherited)",
				);
				GCC_WARN_64_TO_32_BIT_CONVERSION = YES;
				GCC_WARN_ABOUT_RETURN_TYPE = YES_ERROR;
				GCC_WARN_UNDECLARED_SELECTOR = YES;
				GCC_WARN_UNINITIALIZED_AUTOS = YES_AGGRESSIVE;
				GCC_WARN_UNUSED_FUNCTION = YES;
				GCC_WARN_UNUSED_VARIABLE = YES;
				IPHONEOS_DEPLOYMENT_TARGET = 15.2;
				MTL_ENABLE_DEBUG_INFO = INCLUDE_SOURCE;
				MTL_FAST_MATH = YES;
				ONLY_ACTIVE_ARCH = YES;
				SDKROOT = iphoneos;
				SWIFT_ACTIVE_COMPILATION_CONDITIONS = DEBUG;
				SWIFT_OPTIMIZATION_LEVEL = "-Onone";
			};
			name = Debug;
		};
		B88FE3B328DE58DD0002DE9E /* Release */ = {
			isa = XCBuildConfiguration;
			buildSettings = {
				ALWAYS_SEARCH_USER_PATHS = NO;
				CLANG_ANALYZER_NONNULL = YES;
				CLANG_ANALYZER_NUMBER_OBJECT_CONVERSION = YES_AGGRESSIVE;
				CLANG_CXX_LANGUAGE_STANDARD = "gnu++17";
				CLANG_CXX_LIBRARY = "libc++";
				CLANG_ENABLE_MODULES = YES;
				CLANG_ENABLE_OBJC_ARC = YES;
				CLANG_ENABLE_OBJC_WEAK = YES;
				CLANG_WARN_BLOCK_CAPTURE_AUTORELEASING = YES;
				CLANG_WARN_BOOL_CONVERSION = YES;
				CLANG_WARN_COMMA = YES;
				CLANG_WARN_CONSTANT_CONVERSION = YES;
				CLANG_WARN_DEPRECATED_OBJC_IMPLEMENTATIONS = YES;
				CLANG_WARN_DIRECT_OBJC_ISA_USAGE = YES_ERROR;
				CLANG_WARN_DOCUMENTATION_COMMENTS = YES;
				CLANG_WARN_EMPTY_BODY = YES;
				CLANG_WARN_ENUM_CONVERSION = YES;
				CLANG_WARN_INFINITE_RECURSION = YES;
				CLANG_WARN_INT_CONVERSION = YES;
				CLANG_WARN_NON_LITERAL_NULL_CONVERSION = YES;
				CLANG_WARN_OBJC_IMPLICIT_RETAIN_SELF = YES;
				CLANG_WARN_OBJC_LITERAL_CONVERSION = YES;
				CLANG_WARN_OBJC_ROOT_CLASS = YES_ERROR;
				CLANG_WARN_QUOTED_INCLUDE_IN_FRAMEWORK_HEADER = YES;
				CLANG_WARN_RANGE_LOOP_ANALYSIS = YES;
				CLANG_WARN_STRICT_PROTOTYPES = YES;
				CLANG_WARN_SUSPICIOUS_MOVE = YES;
				CLANG_WARN_UNGUARDED_AVAILABILITY = YES_AGGRESSIVE;
				CLANG_WARN_UNREACHABLE_CODE = YES;
				CLANG_WARN__DUPLICATE_METHOD_MATCH = YES;
				COPY_PHASE_STRIP = NO;
				DEBUG_INFORMATION_FORMAT = "dwarf-with-dsym";
				ENABLE_NS_ASSERTIONS = NO;
				ENABLE_STRICT_OBJC_MSGSEND = YES;
				GCC_C_LANGUAGE_STANDARD = gnu11;
				GCC_NO_COMMON_BLOCKS = YES;
				GCC_WARN_64_TO_32_BIT_CONVERSION = YES;
				GCC_WARN_ABOUT_RETURN_TYPE = YES_ERROR;
				GCC_WARN_UNDECLARED_SELECTOR = YES;
				GCC_WARN_UNINITIALIZED_AUTOS = YES_AGGRESSIVE;
				GCC_WARN_UNUSED_FUNCTION = YES;
				GCC_WARN_UNUSED_VARIABLE = YES;
				IPHONEOS_DEPLOYMENT_TARGET = 15.2;
				MTL_ENABLE_DEBUG_INFO = NO;
				MTL_FAST_MATH = YES;
				SDKROOT = iphoneos;
				SWIFT_COMPILATION_MODE = wholemodule;
				SWIFT_OPTIMIZATION_LEVEL = "-O";
				VALIDATE_PRODUCT = YES;
			};
			name = Release;
		};
		B88FE3B528DE58DD0002DE9E /* Debug */ = {
			isa = XCBuildConfiguration;
			buildSettings = {
				ASSETCATALOG_COMPILER_APPICON_NAME = AppIcon;
				ASSETCATALOG_COMPILER_GLOBAL_ACCENT_COLOR_NAME = AccentColor;
				CODE_SIGN_STYLE = Automatic;
				CURRENT_PROJECT_VERSION = 1;
				DEVELOPMENT_TEAM = L6PSC7G3RY;
				GENERATE_INFOPLIST_FILE = YES;
				INFOPLIST_FILE = flix/Info.plist;
				INFOPLIST_KEY_UIApplicationSupportsIndirectInputEvents = YES;
				INFOPLIST_KEY_UILaunchStoryboardName = LaunchScreen;
				INFOPLIST_KEY_UIMainStoryboardFile = Main;
				INFOPLIST_KEY_UISupportedInterfaceOrientations_iPad = "UIInterfaceOrientationPortrait UIInterfaceOrientationPortraitUpsideDown UIInterfaceOrientationLandscapeLeft UIInterfaceOrientationLandscapeRight";
				INFOPLIST_KEY_UISupportedInterfaceOrientations_iPhone = "UIInterfaceOrientationPortrait UIInterfaceOrientationLandscapeLeft UIInterfaceOrientationLandscapeRight";
				LD_RUNPATH_SEARCH_PATHS = (
					"$(inherited)",
					"@executable_path/Frameworks",
				);
				MARKETING_VERSION = 1.0;
				PRODUCT_BUNDLE_IDENTIFIER = com.atinukeayangade.flix;
				PRODUCT_NAME = "$(TARGET_NAME)";
				SWIFT_EMIT_LOC_STRINGS = YES;
				SWIFT_VERSION = 5.0;
				TARGETED_DEVICE_FAMILY = "1,2";
			};
			name = Debug;
		};
		B88FE3B628DE58DD0002DE9E /* Release */ = {
			isa = XCBuildConfiguration;
			buildSettings = {
				ASSETCATALOG_COMPILER_APPICON_NAME = AppIcon;
				ASSETCATALOG_COMPILER_GLOBAL_ACCENT_COLOR_NAME = AccentColor;
				CODE_SIGN_STYLE = Automatic;
				CURRENT_PROJECT_VERSION = 1;
				DEVELOPMENT_TEAM = L6PSC7G3RY;
				GENERATE_INFOPLIST_FILE = YES;
				INFOPLIST_FILE = flix/Info.plist;
				INFOPLIST_KEY_UIApplicationSupportsIndirectInputEvents = YES;
				INFOPLIST_KEY_UILaunchStoryboardName = LaunchScreen;
				INFOPLIST_KEY_UIMainStoryboardFile = Main;
				INFOPLIST_KEY_UISupportedInterfaceOrientations_iPad = "UIInterfaceOrientationPortrait UIInterfaceOrientationPortraitUpsideDown UIInterfaceOrientationLandscapeLeft UIInterfaceOrientationLandscapeRight";
				INFOPLIST_KEY_UISupportedInterfaceOrientations_iPhone = "UIInterfaceOrientationPortrait UIInterfaceOrientationLandscapeLeft UIInterfaceOrientationLandscapeRight";
				LD_RUNPATH_SEARCH_PATHS = (
					"$(inherited)",
					"@executable_path/Frameworks",
				);
				MARKETING_VERSION = 1.0;
				PRODUCT_BUNDLE_IDENTIFIER = com.atinukeayangade.flix;
				PRODUCT_NAME = "$(TARGET_NAME)";
				SWIFT_EMIT_LOC_STRINGS = YES;
				SWIFT_VERSION = 5.0;
				TARGETED_DEVICE_FAMILY = "1,2";
			};
			name = Release;
		};
		B88FE3B828DE58DD0002DE9E /* Debug */ = {
			isa = XCBuildConfiguration;
			buildSettings = {
				ALWAYS_EMBED_SWIFT_STANDARD_LIBRARIES = YES;
				BUNDLE_LOADER = "$(TEST_HOST)";
				CODE_SIGN_STYLE = Automatic;
				CURRENT_PROJECT_VERSION = 1;
				DEVELOPMENT_TEAM = L6PSC7G3RY;
				GENERATE_INFOPLIST_FILE = YES;
				IPHONEOS_DEPLOYMENT_TARGET = 15.2;
				MARKETING_VERSION = 1.0;
				PRODUCT_BUNDLE_IDENTIFIER = com.atinukeayangade.flixTests;
				PRODUCT_NAME = "$(TARGET_NAME)";
				SWIFT_EMIT_LOC_STRINGS = NO;
				SWIFT_VERSION = 5.0;
				TARGETED_DEVICE_FAMILY = "1,2";
				TEST_HOST = "$(BUILT_PRODUCTS_DIR)/flix.app/flix";
			};
			name = Debug;
		};
		B88FE3B928DE58DD0002DE9E /* Release */ = {
			isa = XCBuildConfiguration;
			buildSettings = {
				ALWAYS_EMBED_SWIFT_STANDARD_LIBRARIES = YES;
				BUNDLE_LOADER = "$(TEST_HOST)";
				CODE_SIGN_STYLE = Automatic;
				CURRENT_PROJECT_VERSION = 1;
				DEVELOPMENT_TEAM = L6PSC7G3RY;
				GENERATE_INFOPLIST_FILE = YES;
				IPHONEOS_DEPLOYMENT_TARGET = 15.2;
				MARKETING_VERSION = 1.0;
				PRODUCT_BUNDLE_IDENTIFIER = com.atinukeayangade.flixTests;
				PRODUCT_NAME = "$(TARGET_NAME)";
				SWIFT_EMIT_LOC_STRINGS = NO;
				SWIFT_VERSION = 5.0;
				TARGETED_DEVICE_FAMILY = "1,2";
				TEST_HOST = "$(BUILT_PRODUCTS_DIR)/flix.app/flix";
			};
			name = Release;
		};
		B88FE3BB28DE58DD0002DE9E /* Debug */ = {
			isa = XCBuildConfiguration;
			buildSettings = {
				ALWAYS_EMBED_SWIFT_STANDARD_LIBRARIES = YES;
				CODE_SIGN_STYLE = Automatic;
				CURRENT_PROJECT_VERSION = 1;
				DEVELOPMENT_TEAM = L6PSC7G3RY;
				GENERATE_INFOPLIST_FILE = YES;
				MARKETING_VERSION = 1.0;
				PRODUCT_BUNDLE_IDENTIFIER = com.atinukeayangade.flixUITests;
				PRODUCT_NAME = "$(TARGET_NAME)";
				SWIFT_EMIT_LOC_STRINGS = NO;
				SWIFT_VERSION = 5.0;
				TARGETED_DEVICE_FAMILY = "1,2";
				TEST_TARGET_NAME = flix;
			};
			name = Debug;
		};
		B88FE3BC28DE58DD0002DE9E /* Release */ = {
			isa = XCBuildConfiguration;
			buildSettings = {
				ALWAYS_EMBED_SWIFT_STANDARD_LIBRARIES = YES;
				CODE_SIGN_STYLE = Automatic;
				CURRENT_PROJECT_VERSION = 1;
				DEVELOPMENT_TEAM = L6PSC7G3RY;
				GENERATE_INFOPLIST_FILE = YES;
				MARKETING_VERSION = 1.0;
				PRODUCT_BUNDLE_IDENTIFIER = com.atinukeayangade.flixUITests;
				PRODUCT_NAME = "$(TARGET_NAME)";
				SWIFT_EMIT_LOC_STRINGS = NO;
				SWIFT_VERSION = 5.0;
				TARGETED_DEVICE_FAMILY = "1,2";
				TEST_TARGET_NAME = flix;
			};
			name = Release;
		};
/* End XCBuildConfiguration section */

/* Begin XCConfigurationList section */
		B88FE38528DE58DA0002DE9E /* Build configuration list for PBXProject "flix" */ = {
			isa = XCConfigurationList;
			buildConfigurations = (
				B88FE3B228DE58DD0002DE9E /* Debug */,
				B88FE3B328DE58DD0002DE9E /* Release */,
			);
			defaultConfigurationIsVisible = 0;
			defaultConfigurationName = Release;
		};
		B88FE3B428DE58DD0002DE9E /* Build configuration list for PBXNativeTarget "flix" */ = {
			isa = XCConfigurationList;
			buildConfigurations = (
				B88FE3B528DE58DD0002DE9E /* Debug */,
				B88FE3B628DE58DD0002DE9E /* Release */,
			);
			defaultConfigurationIsVisible = 0;
			defaultConfigurationName = Release;
		};
		B88FE3B728DE58DD0002DE9E /* Build configuration list for PBXNativeTarget "flixTests" */ = {
			isa = XCConfigurationList;
			buildConfigurations = (
				B88FE3B828DE58DD0002DE9E /* Debug */,
				B88FE3B928DE58DD0002DE9E /* Release */,
			);
			defaultConfigurationIsVisible = 0;
			defaultConfigurationName = Release;
		};
		B88FE3BA28DE58DD0002DE9E /* Build configuration list for PBXNativeTarget "flixUITests" */ = {
			isa = XCConfigurationList;
			buildConfigurations = (
				B88FE3BB28DE58DD0002DE9E /* Debug */,
				B88FE3BC28DE58DD0002DE9E /* Release */,
			);
			defaultConfigurationIsVisible = 0;
			defaultConfigurationName = Release;
		};
/* End XCConfigurationList section */
	};
	rootObject = B88FE38228DE58DA0002DE9E /* Project object */;
}
